
Microsoft Visual Studio Solution File, Format Version 12.00
# Visual Studio Version 17
VisualStudioVersion = 17.3.32901.215
MinimumVisualStudioVersion = 10.0.40219.1
Project("{FAE04EC0-301F-11D3-BF4B-00C04F79EFBC}") = "13_1_23_Zivotinje", "13_1_23_Zivotinje\13_1_23_Zivotinje.csproj", "{3B4BBCD2-88CF-478D-8B3C-309CB54D201F}"
EndProject
Global
	GlobalSection(SolutionConfigurationPlatforms) = preSolution
		Debug|Any CPU = Debug|Any CPU
		Release|Any CPU = Release|Any CPU
	EndGlobalSection
	GlobalSection(ProjectConfigurationPlatforms) = postSolution
		{3B4BBCD2-88CF-478D-8B3C-309CB54D201F}.Debug|Any CPU.ActiveCfg = Debug|Any CPU
		{3B4BBCD2-88CF-478D-8B3C-309CB54D201F}.Debug|Any CPU.Build.0 = Debug|Any CPU
		{3B4BBCD2-88CF-478D-8B3C-309CB54D201F}.Release|Any CPU.ActiveCfg = Release|Any CPU
		{3B4BBCD2-88CF-478D-8B3C-309CB54D201F}.Release|Any CPU.Build.0 = Release|Any CPU
	EndGlobalSection
	GlobalSection(SolutionProperties) = preSolution
		HideSolutionNode = FALSE
	EndGlobalSection
	GlobalSection(ExtensibilityGlobals) = postSolution
		SolutionGuid = {2556C692-365A-4402-BD02-F0A6B6BBF80C}
	EndGlobalSection
EndGlobal
